// !$*UTF8*$!
{
	archiveVersion = 1;
	classes = {
	};
	objectVersion = 56;
	objects = {

/* Begin PBXBuildFile section */
		0D06C8862C1F955F00C44F2C /* nvmHealthApp.swift in Sources */ = {isa = PBXBuildFile; fileRef = 0D06C8852C1F955F00C44F2C /* nvmHealthApp.swift */; };
		0D06C8882C1F955F00C44F2C /* ContentView.swift in Sources */ = {isa = PBXBuildFile; fileRef = 0D06C8872C1F955F00C44F2C /* ContentView.swift */; };
		0D06C88A2C1F956000C44F2C /* Assets.xcassets in Resources */ = {isa = PBXBuildFile; fileRef = 0D06C8892C1F956000C44F2C /* Assets.xcassets */; };
		0D06C88D2C1F956000C44F2C /* Preview Assets.xcassets in Resources */ = {isa = PBXBuildFile; fileRef = 0D06C88C2C1F956000C44F2C /* Preview Assets.xcassets */; };
		0D06C8972C1F956000C44F2C /* nvmHealthTests.swift in Sources */ = {isa = PBXBuildFile; fileRef = 0D06C8962C1F956000C44F2C /* nvmHealthTests.swift */; };
		0D06C8A12C1F956000C44F2C /* nvmHealthUITests.swift in Sources */ = {isa = PBXBuildFile; fileRef = 0D06C8A02C1F956000C44F2C /* nvmHealthUITests.swift */; };
		0D06C8A32C1F956000C44F2C /* nvmHealthUITestsLaunchTests.swift in Sources */ = {isa = PBXBuildFile; fileRef = 0D06C8A22C1F956000C44F2C /* nvmHealthUITestsLaunchTests.swift */; };
/* End PBXBuildFile section */

/* Begin PBXContainerItemProxy section */
		0D06C8932C1F956000C44F2C /* PBXContainerItemProxy */ = {
			isa = PBXContainerItemProxy;
			containerPortal = 0D06C87A2C1F955F00C44F2C /* Project object */;
			proxyType = 1;
			remoteGlobalIDString = 0D06C8812C1F955F00C44F2C;
			remoteInfo = nvmHealth;
		};
		0D06C89D2C1F956000C44F2C /* PBXContainerItemProxy */ = {
			isa = PBXContainerItemProxy;
			containerPortal = 0D06C87A2C1F955F00C44F2C /* Project object */;
			proxyType = 1;
			remoteGlobalIDString = 0D06C8812C1F955F00C44F2C;
			remoteInfo = nvmHealth;
		};
/* End PBXContainerItemProxy section */

/* Begin PBXFileReference section */
		0D06C8822C1F955F00C44F2C /* nvmHealth.app */ = {isa = PBXFileReference; explicitFileType = wrapper.application; includeInIndex = 0; path = nvmHealth.app; sourceTree = BUILT_PRODUCTS_DIR; };
		0D06C8852C1F955F00C44F2C /* nvmHealthApp.swift */ = {isa = PBXFileReference; lastKnownFileType = sourcecode.swift; path = nvmHealthApp.swift; sourceTree = "<group>"; };
		0D06C8872C1F955F00C44F2C /* ContentView.swift */ = {isa = PBXFileReference; lastKnownFileType = sourcecode.swift; path = ContentView.swift; sourceTree = "<group>"; };
		0D06C8892C1F956000C44F2C /* Assets.xcassets */ = {isa = PBXFileReference; lastKnownFileType = folder.assetcatalog; path = Assets.xcassets; sourceTree = "<group>"; };
		0D06C88C2C1F956000C44F2C /* Preview Assets.xcassets */ = {isa = PBXFileReference; lastKnownFileType = folder.assetcatalog; path = "Preview Assets.xcassets"; sourceTree = "<group>"; };
		0D06C8922C1F956000C44F2C /* nvmHealthTests.xctest */ = {isa = PBXFileReference; explicitFileType = wrapper.cfbundle; includeInIndex = 0; path = nvmHealthTests.xctest; sourceTree = BUILT_PRODUCTS_DIR; };
		0D06C8962C1F956000C44F2C /* nvmHealthTests.swift */ = {isa = PBXFileReference; lastKnownFileType = sourcecode.swift; path = nvmHealthTests.swift; sourceTree = "<group>"; };
		0D06C89C2C1F956000C44F2C /* nvmHealthUITests.xctest */ = {isa = PBXFileReference; explicitFileType = wrapper.cfbundle; includeInIndex = 0; path = nvmHealthUITests.xctest; sourceTree = BUILT_PRODUCTS_DIR; };
		0D06C8A02C1F956000C44F2C /* nvmHealthUITests.swift */ = {isa = PBXFileReference; lastKnownFileType = sourcecode.swift; path = nvmHealthUITests.swift; sourceTree = "<group>"; };
		0D06C8A22C1F956000C44F2C /* nvmHealthUITestsLaunchTests.swift */ = {isa = PBXFileReference; lastKnownFileType = sourcecode.swift; path = nvmHealthUITestsLaunchTests.swift; sourceTree = "<group>"; };
/* End PBXFileReference section */

/* Begin PBXFrameworksBuildPhase section */
		0D06C87F2C1F955F00C44F2C /* Frameworks */ = {
			isa = PBXFrameworksBuildPhase;
			buildActionMask = 2147483647;
			files = (
			);
			runOnlyForDeploymentPostprocessing = 0;
		};
		0D06C88F2C1F956000C44F2C /* Frameworks */ = {
			isa = PBXFrameworksBuildPhase;
			buildActionMask = 2147483647;
			files = (
			);
			runOnlyForDeploymentPostprocessing = 0;
		};
		0D06C8992C1F956000C44F2C /* Frameworks */ = {
			isa = PBXFrameworksBuildPhase;
			buildActionMask = 2147483647;
			files = (
			);
			runOnlyForDeploymentPostprocessing = 0;
		};
/* End PBXFrameworksBuildPhase section */

/* Begin PBXGroup section */
		0D06C8792C1F955F00C44F2C = {
			isa = PBXGroup;
			children = (
				0D06C8842C1F955F00C44F2C /* nvmHealth */,
				0D06C8952C1F956000C44F2C /* nvmHealthTests */,
				0D06C89F2C1F956000C44F2C /* nvmHealthUITests */,
				0D06C8832C1F955F00C44F2C /* Products */,
			);
			sourceTree = "<group>";
		};
		0D06C8832C1F955F00C44F2C /* Products */ = {
			isa = PBXGroup;
			children = (
				0D06C8822C1F955F00C44F2C /* nvmHealth.app */,
				0D06C8922C1F956000C44F2C /* nvmHealthTests.xctest */,
				0D06C89C2C1F956000C44F2C /* nvmHealthUITests.xctest */,
			);
			name = Products;
			sourceTree = "<group>";
		};
		0D06C8842C1F955F00C44F2C /* nvmHealth */ = {
			isa = PBXGroup;
			children = (
				0D06C8852C1F955F00C44F2C /* nvmHealthApp.swift */,
				0D06C8872C1F955F00C44F2C /* ContentView.swift */,
				0D06C8892C1F956000C44F2C /* Assets.xcassets */,
				0D06C88B2C1F956000C44F2C /* Preview Content */,
			);
			path = nvmHealth;
			sourceTree = "<group>";
		};
		0D06C88B2C1F956000C44F2C /* Preview Content */ = {
			isa = PBXGroup;
			children = (
				0D06C88C2C1F956000C44F2C /* Preview Assets.xcassets */,
			);
			path = "Preview Content";
			sourceTree = "<group>";
		};
		0D06C8952C1F956000C44F2C /* nvmHealthTests */ = {
			isa = PBXGroup;
			children = (
				0D06C8962C1F956000C44F2C /* nvmHealthTests.swift */,
			);
			path = nvmHealthTests;
			sourceTree = "<group>";
		};
		0D06C89F2C1F956000C44F2C /* nvmHealthUITests */ = {
			isa = PBXGroup;
			children = (
				0D06C8A02C1F956000C44F2C /* nvmHealthUITests.swift */,
				0D06C8A22C1F956000C44F2C /* nvmHealthUITestsLaunchTests.swift */,
			);
			path = nvmHealthUITests;
			sourceTree = "<group>";
		};
/* End PBXGroup section */

/* Begin PBXNativeTarget section */
		0D06C8812C1F955F00C44F2C /* nvmHealth */ = {
			isa = PBXNativeTarget;
			buildConfigurationList = 0D06C8A62C1F956000C44F2C /* Build configuration list for PBXNativeTarget "nvmHealth" */;
			buildPhases = (
				0D06C87E2C1F955F00C44F2C /* Sources */,
				0D06C87F2C1F955F00C44F2C /* Frameworks */,
				0D06C8802C1F955F00C44F2C /* Resources */,
			);
			buildRules = (
			);
			dependencies = (
			);
			name = nvmHealth;
			productName = nvmHealth;
			productReference = 0D06C8822C1F955F00C44F2C /* nvmHealth.app */;
			productType = "com.apple.product-type.application";
		};
		0D06C8912C1F956000C44F2C /* nvmHealthTests */ = {
			isa = PBXNativeTarget;
			buildConfigurationList = 0D06C8A92C1F956000C44F2C /* Build configuration list for PBXNativeTarget "nvmHealthTests" */;
			buildPhases = (
				0D06C88E2C1F956000C44F2C /* Sources */,
				0D06C88F2C1F956000C44F2C /* Frameworks */,
				0D06C8902C1F956000C44F2C /* Resources */,
			);
			buildRules = (
			);
			dependencies = (
				0D06C8942C1F956000C44F2C /* PBXTargetDependency */,
			);
			name = nvmHealthTests;
			productName = nvmHealthTests;
			productReference = 0D06C8922C1F956000C44F2C /* nvmHealthTests.xctest */;
			productType = "com.apple.product-type.bundle.unit-test";
		};
		0D06C89B2C1F956000C44F2C /* nvmHealthUITests */ = {
			isa = PBXNativeTarget;
			buildConfigurationList = 0D06C8AC2C1F956000C44F2C /* Build configuration list for PBXNativeTarget "nvmHealthUITests" */;
			buildPhases = (
				0D06C8982C1F956000C44F2C /* Sources */,
				0D06C8992C1F956000C44F2C /* Frameworks */,
				0D06C89A2C1F956000C44F2C /* Resources */,
			);
			buildRules = (
			);
			dependencies = (
				0D06C89E2C1F956000C44F2C /* PBXTargetDependency */,
			);
			name = nvmHealthUITests;
			productName = nvmHealthUITests;
			productReference = 0D06C89C2C1F956000C44F2C /* nvmHealthUITests.xctest */;
			productType = "com.apple.product-type.bundle.ui-testing";
		};
/* End PBXNativeTarget section */

/* Begin PBXProject section */
		0D06C87A2C1F955F00C44F2C /* Project object */ = {
			isa = PBXProject;
			attributes = {
				BuildIndependentTargetsInParallel = 1;
				LastSwiftUpdateCheck = 1520;
				LastUpgradeCheck = 1520;
				TargetAttributes = {
					0D06C8812C1F955F00C44F2C = {
						CreatedOnToolsVersion = 15.2;
					};
					0D06C8912C1F956000C44F2C = {
						CreatedOnToolsVersion = 15.2;
						TestTargetID = 0D06C8812C1F955F00C44F2C;
					};
					0D06C89B2C1F956000C44F2C = {
						CreatedOnToolsVersion = 15.2;
						TestTargetID = 0D06C8812C1F955F00C44F2C;
					};
				};
			};
			buildConfigurationList = 0D06C87D2C1F955F00C44F2C /* Build configuration list for PBXProject "nvmHealth" */;
			compatibilityVersion = "Xcode 14.0";
			developmentRegion = en;
			hasScannedForEncodings = 0;
			knownRegions = (
				en,
				Base,
			);
			mainGroup = 0D06C8792C1F955F00C44F2C;
			productRefGroup = 0D06C8832C1F955F00C44F2C /* Products */;
			projectDirPath = "";
			projectRoot = "";
			targets = (
				0D06C8812C1F955F00C44F2C /* nvmHealth */,
				0D06C8912C1F956000C44F2C /* nvmHealthTests */,
				0D06C89B2C1F956000C44F2C /* nvmHealthUITests */,
			);
		};
/* End PBXProject section */

/* Begin PBXResourcesBuildPhase section */
		0D06C8802C1F955F00C44F2C /* Resources */ = {
			isa = PBXResourcesBuildPhase;
			buildActionMask = 2147483647;
			files = (
				0D06C88D2C1F956000C44F2C /* Preview Assets.xcassets in Resources */,
				0D06C88A2C1F956000C44F2C /* Assets.xcassets in Resources */,
			);
			runOnlyForDeploymentPostprocessing = 0;
		};
		0D06C8902C1F956000C44F2C /* Resources */ = {
			isa = PBXResourcesBuildPhase;
			buildActionMask = 2147483647;
			files = (
			);
			runOnlyForDeploymentPostprocessing = 0;
		};
		0D06C89A2C1F956000C44F2C /* Resources */ = {
			isa = PBXResourcesBuildPhase;
			buildActionMask = 2147483647;
			files = (
			);
			runOnlyForDeploymentPostprocessing = 0;
		};
/* End PBXResourcesBuildPhase section */

/* Begin PBXSourcesBuildPhase section */
		0D06C87E2C1F955F00C44F2C /* Sources */ = {
			isa = PBXSourcesBuildPhase;
			buildActionMask = 2147483647;
			files = (
				0D06C8882C1F955F00C44F2C /* ContentView.swift in Sources */,
				0D06C8862C1F955F00C44F2C /* nvmHealthApp.swift in Sources */,
			);
			runOnlyForDeploymentPostprocessing = 0;
		};
		0D06C88E2C1F956000C44F2C /* Sources */ = {
			isa = PBXSourcesBuildPhase;
			buildActionMask = 2147483647;
			files = (
				0D06C8972C1F956000C44F2C /* nvmHealthTests.swift in Sources */,
			);
			runOnlyForDeploymentPostprocessing = 0;
		};
		0D06C8982C1F956000C44F2C /* Sources */ = {
			isa = PBXSourcesBuildPhase;
			buildActionMask = 2147483647;
			files = (
				0D06C8A32C1F956000C44F2C /* nvmHealthUITestsLaunchTests.swift in Sources */,
				0D06C8A12C1F956000C44F2C /* nvmHealthUITests.swift in Sources */,
			);
			runOnlyForDeploymentPostprocessing = 0;
		};
/* End PBXSourcesBuildPhase section */

/* Begin PBXTargetDependency section */
		0D06C8942C1F956000C44F2C /* PBXTargetDependency */ = {
			isa = PBXTargetDependency;
			target = 0D06C8812C1F955F00C44F2C /* nvmHealth */;
			targetProxy = 0D06C8932C1F956000C44F2C /* PBXContainerItemProxy */;
		};
		0D06C89E2C1F956000C44F2C /* PBXTargetDependency */ = {
			isa = PBXTargetDependency;
			target = 0D06C8812C1F955F00C44F2C /* nvmHealth */;
			targetProxy = 0D06C89D2C1F956000C44F2C /* PBXContainerItemProxy */;
		};
/* End PBXTargetDependency section */

/* Begin XCBuildConfiguration section */
		0D06C8A42C1F956000C44F2C /* Debug */ = {
			isa = XCBuildConfiguration;
			buildSettings = {
				ALWAYS_SEARCH_USER_PATHS = NO;
				ASSETCATALOG_COMPILER_GENERATE_SWIFT_ASSET_SYMBOL_EXTENSIONS = YES;
				CLANG_ANALYZER_NONNULL = YES;
				CLANG_ANALYZER_NUMBER_OBJECT_CONVERSION = YES_AGGRESSIVE;
				CLANG_CXX_LANGUAGE_STANDARD = "gnu++20";
				CLANG_ENABLE_MODULES = YES;
				CLANG_ENABLE_OBJC_ARC = YES;
				CLANG_ENABLE_OBJC_WEAK = YES;
				CLANG_WARN_BLOCK_CAPTURE_AUTORELEASING = YES;
				CLANG_WARN_BOOL_CONVERSION = YES;
				CLANG_WARN_COMMA = YES;
				CLANG_WARN_CONSTANT_CONVERSION = YES;
				CLANG_WARN_DEPRECATED_OBJC_IMPLEMENTATIONS = YES;
				CLANG_WARN_DIRECT_OBJC_ISA_USAGE = YES_ERROR;
				CLANG_WARN_DOCUMENTATION_COMMENTS = YES;
				CLANG_WARN_EMPTY_BODY = YES;
				CLANG_WARN_ENUM_CONVERSION = YES;
				CLANG_WARN_INFINITE_RECURSION = YES;
				CLANG_WARN_INT_CONVERSION = YES;
				CLANG_WARN_NON_LITERAL_NULL_CONVERSION = YES;
				CLANG_WARN_OBJC_IMPLICIT_RETAIN_SELF = YES;
				CLANG_WARN_OBJC_LITERAL_CONVERSION = YES;
				CLANG_WARN_OBJC_ROOT_CLASS = YES_ERROR;
				CLANG_WARN_QUOTED_INCLUDE_IN_FRAMEWORK_HEADER = YES;
				CLANG_WARN_RANGE_LOOP_ANALYSIS = YES;
				CLANG_WARN_STRICT_PROTOTYPES = YES;
				CLANG_WARN_SUSPICIOUS_MOVE = YES;
				CLANG_WARN_UNGUARDED_AVAILABILITY = YES_AGGRESSIVE;
				CLANG_WARN_UNREACHABLE_CODE = YES;
				CLANG_WARN__DUPLICATE_METHOD_MATCH = YES;
				COPY_PHASE_STRIP = NO;
				DEBUG_INFORMATION_FORMAT = dwarf;
				ENABLE_STRICT_OBJC_MSGSEND = YES;
				ENABLE_TESTABILITY = YES;
				ENABLE_USER_SCRIPT_SANDBOXING = YES;
				GCC_C_LANGUAGE_STANDARD = gnu17;
				GCC_DYNAMIC_NO_PIC = NO;
				GCC_NO_COMMON_BLOCKS = YES;
				GCC_OPTIMIZATION_LEVEL = 0;
				GCC_PREPROCESSOR_DEFINITIONS = (
					"DEBUG=1",
					"$(inherited)",
				);
				GCC_WARN_64_TO_32_BIT_CONVERSION = YES;
				GCC_WARN_ABOUT_RETURN_TYPE = YES_ERROR;
				GCC_WARN_UNDECLARED_SELECTOR = YES;
				GCC_WARN_UNINITIALIZED_AUTOS = YES_AGGRESSIVE;
				GCC_WARN_UNUSED_FUNCTION = YES;
				GCC_WARN_UNUSED_VARIABLE = YES;
				IPHONEOS_DEPLOYMENT_TARGET = 17.2;
				LOCALIZATION_PREFERS_STRING_CATALOGS = YES;
				MTL_ENABLE_DEBUG_INFO = INCLUDE_SOURCE;
				MTL_FAST_MATH = YES;
				ONLY_ACTIVE_ARCH = YES;
				SDKROOT = iphoneos;
				SWIFT_ACTIVE_COMPILATION_CONDITIONS = "DEBUG $(inherited)";
				SWIFT_OPTIMIZATION_LEVEL = "-Onone";
			};
			name = Debug;
		};
		0D06C8A52C1F956000C44F2C /* Release */ = {
			isa = XCBuildConfiguration;
			buildSettings = {
				ALWAYS_SEARCH_USER_PATHS = NO;
				ASSETCATALOG_COMPILER_GENERATE_SWIFT_ASSET_SYMBOL_EXTENSIONS = YES;
				CLANG_ANALYZER_NONNULL = YES;
				CLANG_ANALYZER_NUMBER_OBJECT_CONVERSION = YES_AGGRESSIVE;
				CLANG_CXX_LANGUAGE_STANDARD = "gnu++20";
				CLANG_ENABLE_MODULES = YES;
				CLANG_ENABLE_OBJC_ARC = YES;
				CLANG_ENABLE_OBJC_WEAK = YES;
				CLANG_WARN_BLOCK_CAPTURE_AUTORELEASING = YES;
				CLANG_WARN_BOOL_CONVERSION = YES;
				CLANG_WARN_COMMA = YES;
				CLANG_WARN_CONSTANT_CONVERSION = YES;
				CLANG_WARN_DEPRECATED_OBJC_IMPLEMENTATIONS = YES;
				CLANG_WARN_DIRECT_OBJC_ISA_USAGE = YES_ERROR;
				CLANG_WARN_DOCUMENTATION_COMMENTS = YES;
				CLANG_WARN_EMPTY_BODY = YES;
				CLANG_WARN_ENUM_CONVERSION = YES;
				CLANG_WARN_INFINITE_RECURSION = YES;
				CLANG_WARN_INT_CONVERSION = YES;
				CLANG_WARN_NON_LITERAL_NULL_CONVERSION = YES;
				CLANG_WARN_OBJC_IMPLICIT_RETAIN_SELF = YES;
				CLANG_WARN_OBJC_LITERAL_CONVERSION = YES;
				CLANG_WARN_OBJC_ROOT_CLASS = YES_ERROR;
				CLANG_WARN_QUOTED_INCLUDE_IN_FRAMEWORK_HEADER = YES;
				CLANG_WARN_RANGE_LOOP_ANALYSIS = YES;
				CLANG_WARN_STRICT_PROTOTYPES = YES;
				CLANG_WARN_SUSPICIOUS_MOVE = YES;
				CLANG_WARN_UNGUARDED_AVAILABILITY = YES_AGGRESSIVE;
				CLANG_WARN_UNREACHABLE_CODE = YES;
				CLANG_WARN__DUPLICATE_METHOD_MATCH = YES;
				COPY_PHASE_STRIP = NO;
				DEBUG_INFORMATION_FORMAT = "dwarf-with-dsym";
				ENABLE_NS_ASSERTIONS = NO;
				ENABLE_STRICT_OBJC_MSGSEND = YES;
				ENABLE_USER_SCRIPT_SANDBOXING = YES;
				GCC_C_LANGUAGE_STANDARD = gnu17;
				GCC_NO_COMMON_BLOCKS = YES;
				GCC_WARN_64_TO_32_BIT_CONVERSION = YES;
				GCC_WARN_ABOUT_RETURN_TYPE = YES_ERROR;
				GCC_WARN_UNDECLARED_SELECTOR = YES;
				GCC_WARN_UNINITIALIZED_AUTOS = YES_AGGRESSIVE;
				GCC_WARN_UNUSED_FUNCTION = YES;
				GCC_WARN_UNUSED_VARIABLE = YES;
				IPHONEOS_DEPLOYMENT_TARGET = 17.2;
				LOCALIZATION_PREFERS_STRING_CATALOGS = YES;
				MTL_ENABLE_DEBUG_INFO = NO;
				MTL_FAST_MATH = YES;
				SDKROOT = iphoneos;
				SWIFT_COMPILATION_MODE = wholemodule;
				VALIDATE_PRODUCT = YES;
			};
			name = Release;
		};
		0D06C8A72C1F956000C44F2C /* Debug */ = {
			isa = XCBuildConfiguration;
			buildSettings = {
				ASSETCATALOG_COMPILER_APPICON_NAME = AppIcon;
				ASSETCATALOG_COMPILER_GLOBAL_ACCENT_COLOR_NAME = AccentColor;
				CODE_SIGN_STYLE = Automatic;
				CURRENT_PROJECT_VERSION = 1;
				DEVELOPMENT_ASSET_PATHS = "\"nvmHealth/Preview Content\"";
				DEVELOPMENT_TEAM = HST68XV9V5;
				ENABLE_PREVIEWS = YES;
				GENERATE_INFOPLIST_FILE = YES;
				INFOPLIST_KEY_UIApplicationSceneManifest_Generation = YES;
				INFOPLIST_KEY_UIApplicationSupportsIndirectInputEvents = YES;
				INFOPLIST_KEY_UILaunchScreen_Generation = YES;
				INFOPLIST_KEY_UISupportedInterfaceOrientations_iPad = "UIInterfaceOrientationPortrait UIInterfaceOrientationPortraitUpsideDown UIInterfaceOrientationLandscapeLeft UIInterfaceOrientationLandscapeRight";
				INFOPLIST_KEY_UISupportedInterfaceOrientations_iPhone = "UIInterfaceOrientationPortrait UIInterfaceOrientationLandscapeLeft UIInterfaceOrientationLandscapeRight";
				LD_RUNPATH_SEARCH_PATHS = (
					"$(inherited)",
					"@executable_path/Frameworks",
				);
				MARKETING_VERSION = 1.0;
				PRODUCT_BUNDLE_IDENTIFIER = vmello.nvmHealth;
				PRODUCT_NAME = "$(TARGET_NAME)";
				SWIFT_EMIT_LOC_STRINGS = YES;
				SWIFT_VERSION = 5.0;
				TARGETED_DEVICE_FAMILY = "1,2";
			};
			name = Debug;
		};
		0D06C8A82C1F956000C44F2C /* Release */ = {
			isa = XCBuildConfiguration;
			buildSettings = {
				ASSETCATALOG_COMPILER_APPICON_NAME = AppIcon;
				ASSETCATALOG_COMPILER_GLOBAL_ACCENT_COLOR_NAME = AccentColor;
				CODE_SIGN_STYLE = Automatic;
				CURRENT_PROJECT_VERSION = 1;
				DEVELOPMENT_ASSET_PATHS = "\"nvmHealth/Preview Content\"";
				DEVELOPMENT_TEAM = HST68XV9V5;
				ENABLE_PREVIEWS = YES;
				GENERATE_INFOPLIST_FILE = YES;
				INFOPLIST_KEY_UIApplicationSceneManifest_Generation = YES;
				INFOPLIST_KEY_UIApplicationSupportsIndirectInputEvents = YES;
				INFOPLIST_KEY_UILaunchScreen_Generation = YES;
				INFOPLIST_KEY_UISupportedInterfaceOrientations_iPad = "UIInterfaceOrientationPortrait UIInterfaceOrientationPortraitUpsideDown UIInterfaceOrientationLandscapeLeft UIInterfaceOrientationLandscapeRight";
				INFOPLIST_KEY_UISupportedInterfaceOrientations_iPhone = "UIInterfaceOrientationPortrait UIInterfaceOrientationLandscapeLeft UIInterfaceOrientationLandscapeRight";
				LD_RUNPATH_SEARCH_PATHS = (
					"$(inherited)",
					"@executable_path/Frameworks",
				);
				MARKETING_VERSION = 1.0;
				PRODUCT_BUNDLE_IDENTIFIER = vmello.nvmHealth;
				PRODUCT_NAME = "$(TARGET_NAME)";
				SWIFT_EMIT_LOC_STRINGS = YES;
				SWIFT_VERSION = 5.0;
				TARGETED_DEVICE_FAMILY = "1,2";
			};
			name = Release;
		};
		0D06C8AA2C1F956000C44F2C /* Debug */ = {
			isa = XCBuildConfiguration;
			buildSettings = {
				ALWAYS_EMBED_SWIFT_STANDARD_LIBRARIES = YES;
				BUNDLE_LOADER = "$(TEST_HOST)";
				CODE_SIGN_STYLE = Automatic;
				CURRENT_PROJECT_VERSION = 1;
				DEVELOPMENT_TEAM = HST68XV9V5;
				GENERATE_INFOPLIST_FILE = YES;
				IPHONEOS_DEPLOYMENT_TARGET = 17.2;
				MARKETING_VERSION = 1.0;
				PRODUCT_BUNDLE_IDENTIFIER = vmello.nvmHealthTests;
				PRODUCT_NAME = "$(TARGET_NAME)";
				SWIFT_EMIT_LOC_STRINGS = NO;
				SWIFT_VERSION = 5.0;
				TARGETED_DEVICE_FAMILY = "1,2";
				TEST_HOST = "$(BUILT_PRODUCTS_DIR)/nvmHealth.app/$(BUNDLE_EXECUTABLE_FOLDER_PATH)/nvmHealth";
			};
			name = Debug;
		};
		0D06C8AB2C1F956000C44F2C /* Release */ = {
			isa = XCBuildConfiguration;
			buildSettings = {
				ALWAYS_EMBED_SWIFT_STANDARD_LIBRARIES = YES;
				BUNDLE_LOADER = "$(TEST_HOST)";
				CODE_SIGN_STYLE = Automatic;
				CURRENT_PROJECT_VERSION = 1;
				DEVELOPMENT_TEAM = HST68XV9V5;
				GENERATE_INFOPLIST_FILE = YES;
				IPHONEOS_DEPLOYMENT_TARGET = 17.2;
				MARKETING_VERSION = 1.0;
				PRODUCT_BUNDLE_IDENTIFIER = vmello.nvmHealthTests;
				PRODUCT_NAME = "$(TARGET_NAME)";
				SWIFT_EMIT_LOC_STRINGS = NO;
				SWIFT_VERSION = 5.0;
				TARGETED_DEVICE_FAMILY = "1,2";
				TEST_HOST = "$(BUILT_PRODUCTS_DIR)/nvmHealth.app/$(BUNDLE_EXECUTABLE_FOLDER_PATH)/nvmHealth";
			};
			name = Release;
		};
		0D06C8AD2C1F956000C44F2C /* Debug */ = {
			isa = XCBuildConfiguration;
			buildSettings = {
				ALWAYS_EMBED_SWIFT_STANDARD_LIBRARIES = YES;
				CODE_SIGN_STYLE = Automatic;
				CURRENT_PROJECT_VERSION = 1;
				DEVELOPMENT_TEAM = HST68XV9V5;
				GENERATE_INFOPLIST_FILE = YES;
				MARKETING_VERSION = 1.0;
				PRODUCT_BUNDLE_IDENTIFIER = vmello.nvmHealthUITests;
				PRODUCT_NAME = "$(TARGET_NAME)";
				SWIFT_EMIT_LOC_STRINGS = NO;
				SWIFT_VERSION = 5.0;
				TARGETED_DEVICE_FAMILY = "1,2";
				TEST_TARGET_NAME = nvmHealth;
			};
			name = Debug;
		};
		0D06C8AE2C1F956000C44F2C /* Release */ = {
			isa = XCBuildConfiguration;
			buildSettings = {
				ALWAYS_EMBED_SWIFT_STANDARD_LIBRARIES = YES;
				CODE_SIGN_STYLE = Automatic;
				CURRENT_PROJECT_VERSION = 1;
				DEVELOPMENT_TEAM = HST68XV9V5;
				GENERATE_INFOPLIST_FILE = YES;
				MARKETING_VERSION = 1.0;
				PRODUCT_BUNDLE_IDENTIFIER = vmello.nvmHealthUITests;
				PRODUCT_NAME = "$(TARGET_NAME)";
				SWIFT_EMIT_LOC_STRINGS = NO;
				SWIFT_VERSION = 5.0;
				TARGETED_DEVICE_FAMILY = "1,2";
				TEST_TARGET_NAME = nvmHealth;
			};
			name = Release;
		};
/* End XCBuildConfiguration section */

/* Begin XCConfigurationList section */
		0D06C87D2C1F955F00C44F2C /* Build configuration list for PBXProject "nvmHealth" */ = {
			isa = XCConfigurationList;
			buildConfigurations = (
				0D06C8A42C1F956000C44F2C /* Debug */,
				0D06C8A52C1F956000C44F2C /* Release */,
			);
			defaultConfigurationIsVisible = 0;
			defaultConfigurationName = Release;
		};
		0D06C8A62C1F956000C44F2C /* Build configuration list for PBXNativeTarget "nvmHealth" */ = {
			isa = XCConfigurationList;
			buildConfigurations = (
				0D06C8A72C1F956000C44F2C /* Debug */,
				0D06C8A82C1F956000C44F2C /* Release */,
			);
			defaultConfigurationIsVisible = 0;
			defaultConfigurationName = Release;
		};
		0D06C8A92C1F956000C44F2C /* Build configuration list for PBXNativeTarget "nvmHealthTests" */ = {
			isa = XCConfigurationList;
			buildConfigurations = (
				0D06C8AA2C1F956000C44F2C /* Debug */,
				0D06C8AB2C1F956000C44F2C /* Release */,
			);
			defaultConfigurationIsVisible = 0;
			defaultConfigurationName = Release;
		};
		0D06C8AC2C1F956000C44F2C /* Build configuration list for PBXNativeTarget "nvmHealthUITests" */ = {
			isa = XCConfigurationList;
			buildConfigurations = (
				0D06C8AD2C1F956000C44F2C /* Debug */,
				0D06C8AE2C1F956000C44F2C /* Release */,
			);
			defaultConfigurationIsVisible = 0;
			defaultConfigurationName = Release;
		};
/* End XCConfigurationList section */
	};
	rootObject = 0D06C87A2C1F955F00C44F2C /* Project object */;
}
